
Microsoft Visual Studio Solution File, Format Version 12.00
# Visual Studio 15
VisualStudioVersion = 15.0.27130.2003
MinimumVisualStudioVersion = 10.0.40219.1
Project("{FAE04EC0-301F-11D3-BF4B-00C04F79EFBC}") = "nTasks", "nTasks\nTasks.csproj", "{BDE4C0FB-5066-475B-99FA-9ED87F2FC5F9}"
EndProject
Global
	GlobalSection(SolutionConfigurationPlatforms) = preSolution
		Debug|Any CPU = Debug|Any CPU
		Release|Any CPU = Release|Any CPU
	EndGlobalSection
	GlobalSection(ProjectConfigurationPlatforms) = postSolution
		{BDE4C0FB-5066-475B-99FA-9ED87F2FC5F9}.Debug|Any CPU.ActiveCfg = Debug|Any CPU
		{BDE4C0FB-5066-475B-99FA-9ED87F2FC5F9}.Debug|Any CPU.Build.0 = Debug|Any CPU
		{BDE4C0FB-5066-475B-99FA-9ED87F2FC5F9}.Release|Any CPU.ActiveCfg = Release|Any CPU
		{BDE4C0FB-5066-475B-99FA-9ED87F2FC5F9}.Release|Any CPU.Build.0 = Release|Any CPU
	EndGlobalSection
	GlobalSection(SolutionProperties) = preSolution
		HideSolutionNode = FALSE
	EndGlobalSection
	GlobalSection(ExtensibilityGlobals) = postSolution
		SolutionGuid = {70FDB8D3-6DD3-4499-B31B-8465DD70E4F8}
	EndGlobalSection
EndGlobal
